
Microsoft Visual Studio Solution File, Format Version 12.00
# Visual Studio Version 17
VisualStudioVersion = 17.8.34322.80
MinimumVisualStudioVersion = 10.0.40219.1
Project("{8BC9CEB8-8B4A-11D0-8D11-00A0C91BC942}") = "Задание 2", "Задание 2\Задание 2.vcxproj", "{83B5BB01-6602-45F7-9B23-4CB2B1921A3C}"
EndProject
Project("{8BC9CEB8-8B4A-11D0-8D11-00A0C91BC942}") = "functions", "functions\functions.vcxproj", "{D7AF3812-3D59-4E85-B823-F40E5B8BB4F7}"
EndProject
Project("{8BC9CEB8-8B4A-11D0-8D11-00A0C91BC942}") = "check_input", "check_input\check_input.vcxproj", "{477284AE-80F5-43B5-A667-1429131A4657}"
EndProject
Global
	GlobalSection(SolutionConfigurationPlatforms) = preSolution
		Debug|x64 = Debug|x64
		Debug|x86 = Debug|x86
		Release|x64 = Release|x64
		Release|x86 = Release|x86
	EndGlobalSection
	GlobalSection(ProjectConfigurationPlatforms) = postSolution
		{83B5BB01-6602-45F7-9B23-4CB2B1921A3C}.Debug|x64.ActiveCfg = Debug|x64
		{83B5BB01-6602-45F7-9B23-4CB2B1921A3C}.Debug|x64.Build.0 = Debug|x64
		{83B5BB01-6602-45F7-9B23-4CB2B1921A3C}.Debug|x86.ActiveCfg = Debug|Win32
		{83B5BB01-6602-45F7-9B23-4CB2B1921A3C}.Debug|x86.Build.0 = Debug|Win32
		{83B5BB01-6602-45F7-9B23-4CB2B1921A3C}.Release|x64.ActiveCfg = Release|x64
		{83B5BB01-6602-45F7-9B23-4CB2B1921A3C}.Release|x64.Build.0 = Release|x64
		{83B5BB01-6602-45F7-9B23-4CB2B1921A3C}.Release|x86.ActiveCfg = Release|Win32
		{83B5BB01-6602-45F7-9B23-4CB2B1921A3C}.Release|x86.Build.0 = Release|Win32
		{D7AF3812-3D59-4E85-B823-F40E5B8BB4F7}.Debug|x64.ActiveCfg = Debug|x64
		{D7AF3812-3D59-4E85-B823-F40E5B8BB4F7}.Debug|x64.Build.0 = Debug|x64
		{D7AF3812-3D59-4E85-B823-F40E5B8BB4F7}.Debug|x86.ActiveCfg = Debug|Win32
		{D7AF3812-3D59-4E85-B823-F40E5B8BB4F7}.Debug|x86.Build.0 = Debug|Win32
		{D7AF3812-3D59-4E85-B823-F40E5B8BB4F7}.Release|x64.ActiveCfg = Release|x64
		{D7AF3812-3D59-4E85-B823-F40E5B8BB4F7}.Release|x64.Build.0 = Release|x64
		{D7AF3812-3D59-4E85-B823-F40E5B8BB4F7}.Release|x86.ActiveCfg = Release|Win32
		{D7AF3812-3D59-4E85-B823-F40E5B8BB4F7}.Release|x86.Build.0 = Release|Win32
		{477284AE-80F5-43B5-A667-1429131A4657}.Debug|x64.ActiveCfg = Debug|x64
		{477284AE-80F5-43B5-A667-1429131A4657}.Debug|x64.Build.0 = Debug|x64
		{477284AE-80F5-43B5-A667-1429131A4657}.Debug|x86.ActiveCfg = Debug|Win32
		{477284AE-80F5-43B5-A667-1429131A4657}.Debug|x86.Build.0 = Debug|Win32
		{477284AE-80F5-43B5-A667-1429131A4657}.Release|x64.ActiveCfg = Release|x64
		{477284AE-80F5-43B5-A667-1429131A4657}.Release|x64.Build.0 = Release|x64
		{477284AE-80F5-43B5-A667-1429131A4657}.Release|x86.ActiveCfg = Release|Win32
		{477284AE-80F5-43B5-A667-1429131A4657}.Release|x86.Build.0 = Release|Win32
	EndGlobalSection
	GlobalSection(SolutionProperties) = preSolution
		HideSolutionNode = FALSE
	EndGlobalSection
	GlobalSection(ExtensibilityGlobals) = postSolution
		SolutionGuid = {707580FC-1184-4AB3-B0DC-2024D1946BD5}
	EndGlobalSection
EndGlobal
