
Microsoft Visual Studio Solution File, Format Version 12.00
# Visual Studio Version 17
VisualStudioVersion = 17.10.34916.146
MinimumVisualStudioVersion = 10.0.40219.1
Project("{8BC9CEB8-8B4A-11D0-8D11-00A0C91BC942}") = "Test1_2", "Test1_2\Test1_2.vcxproj", "{EEBFE6E7-F857-44CC-B989-EF8330D48436}"
EndProject
Global
	GlobalSection(SolutionConfigurationPlatforms) = preSolution
		Debug|x64 = Debug|x64
		Debug|x86 = Debug|x86
		Release|x64 = Release|x64
		Release|x86 = Release|x86
	EndGlobalSection
	GlobalSection(ProjectConfigurationPlatforms) = postSolution
		{EEBFE6E7-F857-44CC-B989-EF8330D48436}.Debug|x64.ActiveCfg = Debug|x64
		{EEBFE6E7-F857-44CC-B989-EF8330D48436}.Debug|x64.Build.0 = Debug|x64
		{EEBFE6E7-F857-44CC-B989-EF8330D48436}.Debug|x86.ActiveCfg = Debug|Win32
		{EEBFE6E7-F857-44CC-B989-EF8330D48436}.Debug|x86.Build.0 = Debug|Win32
		{EEBFE6E7-F857-44CC-B989-EF8330D48436}.Release|x64.ActiveCfg = Release|x64
		{EEBFE6E7-F857-44CC-B989-EF8330D48436}.Release|x64.Build.0 = Release|x64
		{EEBFE6E7-F857-44CC-B989-EF8330D48436}.Release|x86.ActiveCfg = Release|Win32
		{EEBFE6E7-F857-44CC-B989-EF8330D48436}.Release|x86.Build.0 = Release|Win32
	EndGlobalSection
	GlobalSection(SolutionProperties) = preSolution
		HideSolutionNode = FALSE
	EndGlobalSection
	GlobalSection(ExtensibilityGlobals) = postSolution
		SolutionGuid = {E56D2471-4018-44E4-B762-72B411982026}
	EndGlobalSection
EndGlobal
