
Microsoft Visual Studio Solution File, Format Version 12.00
# Visual Studio Version 17
VisualStudioVersion = 17.10.34916.146
MinimumVisualStudioVersion = 10.0.40219.1
Project("{8BC9CEB8-8B4A-11D0-8D11-00A0C91BC942}") = "Яндекс B", "Яндекс B\Яндекс B.vcxproj", "{A18BB855-B8FE-4113-BAA4-85959C2326CA}"
EndProject
Global
	GlobalSection(SolutionConfigurationPlatforms) = preSolution
		Debug|x64 = Debug|x64
		Debug|x86 = Debug|x86
		Release|x64 = Release|x64
		Release|x86 = Release|x86
	EndGlobalSection
	GlobalSection(ProjectConfigurationPlatforms) = postSolution
		{A18BB855-B8FE-4113-BAA4-85959C2326CA}.Debug|x64.ActiveCfg = Debug|x64
		{A18BB855-B8FE-4113-BAA4-85959C2326CA}.Debug|x64.Build.0 = Debug|x64
		{A18BB855-B8FE-4113-BAA4-85959C2326CA}.Debug|x86.ActiveCfg = Debug|Win32
		{A18BB855-B8FE-4113-BAA4-85959C2326CA}.Debug|x86.Build.0 = Debug|Win32
		{A18BB855-B8FE-4113-BAA4-85959C2326CA}.Release|x64.ActiveCfg = Release|x64
		{A18BB855-B8FE-4113-BAA4-85959C2326CA}.Release|x64.Build.0 = Release|x64
		{A18BB855-B8FE-4113-BAA4-85959C2326CA}.Release|x86.ActiveCfg = Release|Win32
		{A18BB855-B8FE-4113-BAA4-85959C2326CA}.Release|x86.Build.0 = Release|Win32
	EndGlobalSection
	GlobalSection(SolutionProperties) = preSolution
		HideSolutionNode = FALSE
	EndGlobalSection
	GlobalSection(ExtensibilityGlobals) = postSolution
		SolutionGuid = {5BCB5EF5-F919-4A59-B11D-8410285F3ECE}
	EndGlobalSection
EndGlobal
