
Microsoft Visual Studio Solution File, Format Version 12.00
# Visual Studio Version 17
VisualStudioVersion = 17.10.34916.146
MinimumVisualStudioVersion = 10.0.40219.1
Project("{FAE04EC0-301F-11D3-BF4B-00C04F79EFBC}") = "353503_Martynkevich_4", "353503_Martynkevich_4\353503_Martynkevich_4.csproj", "{4992ABDE-D24B-48FE-B67B-30773DB53F71}"
EndProject
Global
	GlobalSection(SolutionConfigurationPlatforms) = preSolution
		Debug|Any CPU = Debug|Any CPU
		Release|Any CPU = Release|Any CPU
	EndGlobalSection
	GlobalSection(ProjectConfigurationPlatforms) = postSolution
		{4992ABDE-D24B-48FE-B67B-30773DB53F71}.Debug|Any CPU.ActiveCfg = Debug|Any CPU
		{4992ABDE-D24B-48FE-B67B-30773DB53F71}.Debug|Any CPU.Build.0 = Debug|Any CPU
		{4992ABDE-D24B-48FE-B67B-30773DB53F71}.Release|Any CPU.ActiveCfg = Release|Any CPU
		{4992ABDE-D24B-48FE-B67B-30773DB53F71}.Release|Any CPU.Build.0 = Release|Any CPU
	EndGlobalSection
	GlobalSection(SolutionProperties) = preSolution
		HideSolutionNode = FALSE
	EndGlobalSection
	GlobalSection(ExtensibilityGlobals) = postSolution
		SolutionGuid = {B989C33C-C2BB-4D01-ACC5-DFBFC1770AAA}
	EndGlobalSection
EndGlobal
