
Microsoft Visual Studio Solution File, Format Version 12.00
# Visual Studio Version 17
VisualStudioVersion = 17.7.34024.191
MinimumVisualStudioVersion = 10.0.40219.1
Project("{8BC9CEB8-8B4A-11D0-8D11-00A0C91BC942}") = "задание 9", "задание 9\задание 9.vcxproj", "{797CB712-9E99-46CF-A29B-52875470E30E}"
EndProject
Global
	GlobalSection(SolutionConfigurationPlatforms) = preSolution
		Debug|x64 = Debug|x64
		Debug|x86 = Debug|x86
		Release|x64 = Release|x64
		Release|x86 = Release|x86
	EndGlobalSection
	GlobalSection(ProjectConfigurationPlatforms) = postSolution
		{797CB712-9E99-46CF-A29B-52875470E30E}.Debug|x64.ActiveCfg = Debug|x64
		{797CB712-9E99-46CF-A29B-52875470E30E}.Debug|x64.Build.0 = Debug|x64
		{797CB712-9E99-46CF-A29B-52875470E30E}.Debug|x86.ActiveCfg = Debug|Win32
		{797CB712-9E99-46CF-A29B-52875470E30E}.Debug|x86.Build.0 = Debug|Win32
		{797CB712-9E99-46CF-A29B-52875470E30E}.Release|x64.ActiveCfg = Release|x64
		{797CB712-9E99-46CF-A29B-52875470E30E}.Release|x64.Build.0 = Release|x64
		{797CB712-9E99-46CF-A29B-52875470E30E}.Release|x86.ActiveCfg = Release|Win32
		{797CB712-9E99-46CF-A29B-52875470E30E}.Release|x86.Build.0 = Release|Win32
	EndGlobalSection
	GlobalSection(SolutionProperties) = preSolution
		HideSolutionNode = FALSE
	EndGlobalSection
	GlobalSection(ExtensibilityGlobals) = postSolution
		SolutionGuid = {7137C5FE-1F58-4A97-A59B-49C68041B557}
	EndGlobalSection
EndGlobal
