
Microsoft Visual Studio Solution File, Format Version 12.00
# Visual Studio Version 17
VisualStudioVersion = 17.9.34714.143
MinimumVisualStudioVersion = 10.0.40219.1
Project("{FAE04EC0-301F-11D3-BF4B-00C04F79EFBC}") = "_353503_Martynkevich_2", "_353503_Martynkevich_2\_353503_Martynkevich_2.csproj", "{706E8A5C-8D87-42BE-916F-B4D2273EAF32}"
EndProject
Global
	GlobalSection(SolutionConfigurationPlatforms) = preSolution
		Debug|Any CPU = Debug|Any CPU
		Release|Any CPU = Release|Any CPU
	EndGlobalSection
	GlobalSection(ProjectConfigurationPlatforms) = postSolution
		{706E8A5C-8D87-42BE-916F-B4D2273EAF32}.Debug|Any CPU.ActiveCfg = Debug|Any CPU
		{706E8A5C-8D87-42BE-916F-B4D2273EAF32}.Debug|Any CPU.Build.0 = Debug|Any CPU
		{706E8A5C-8D87-42BE-916F-B4D2273EAF32}.Release|Any CPU.ActiveCfg = Release|Any CPU
		{706E8A5C-8D87-42BE-916F-B4D2273EAF32}.Release|Any CPU.Build.0 = Release|Any CPU
	EndGlobalSection
	GlobalSection(SolutionProperties) = preSolution
		HideSolutionNode = FALSE
	EndGlobalSection
	GlobalSection(ExtensibilityGlobals) = postSolution
		SolutionGuid = {DF90247D-8632-474E-93A2-68522EB4269D}
	EndGlobalSection
EndGlobal
