
Microsoft Visual Studio Solution File, Format Version 12.00
# Visual Studio Version 17
VisualStudioVersion = 17.7.34024.191
MinimumVisualStudioVersion = 10.0.40219.1
Project("{8BC9CEB8-8B4A-11D0-8D11-00A0C91BC942}") = "Задание 6", "Задание 6\Задание 6.vcxproj", "{32EF05DE-5328-48E5-A817-B0115948E82F}"
EndProject
Global
	GlobalSection(SolutionConfigurationPlatforms) = preSolution
		Debug|x64 = Debug|x64
		Debug|x86 = Debug|x86
		Release|x64 = Release|x64
		Release|x86 = Release|x86
	EndGlobalSection
	GlobalSection(ProjectConfigurationPlatforms) = postSolution
		{32EF05DE-5328-48E5-A817-B0115948E82F}.Debug|x64.ActiveCfg = Debug|x64
		{32EF05DE-5328-48E5-A817-B0115948E82F}.Debug|x64.Build.0 = Debug|x64
		{32EF05DE-5328-48E5-A817-B0115948E82F}.Debug|x86.ActiveCfg = Debug|Win32
		{32EF05DE-5328-48E5-A817-B0115948E82F}.Debug|x86.Build.0 = Debug|Win32
		{32EF05DE-5328-48E5-A817-B0115948E82F}.Release|x64.ActiveCfg = Release|x64
		{32EF05DE-5328-48E5-A817-B0115948E82F}.Release|x64.Build.0 = Release|x64
		{32EF05DE-5328-48E5-A817-B0115948E82F}.Release|x86.ActiveCfg = Release|Win32
		{32EF05DE-5328-48E5-A817-B0115948E82F}.Release|x86.Build.0 = Release|Win32
	EndGlobalSection
	GlobalSection(SolutionProperties) = preSolution
		HideSolutionNode = FALSE
	EndGlobalSection
	GlobalSection(ExtensibilityGlobals) = postSolution
		SolutionGuid = {F2F62E1E-C311-4EDB-AC21-16A338C3F6C4}
	EndGlobalSection
EndGlobal
