
Microsoft Visual Studio Solution File, Format Version 12.00
# Visual Studio Version 17
VisualStudioVersion = 17.7.34024.191
MinimumVisualStudioVersion = 10.0.40219.1
Project("{8BC9CEB8-8B4A-11D0-8D11-00A0C91BC942}") = "Задание 5", "Задание 5\Задание 5.vcxproj", "{500C1F86-10F7-4DC0-B6A6-9F4EADBC9C7F}"
EndProject
Global
	GlobalSection(SolutionConfigurationPlatforms) = preSolution
		Debug|x64 = Debug|x64
		Debug|x86 = Debug|x86
		Release|x64 = Release|x64
		Release|x86 = Release|x86
	EndGlobalSection
	GlobalSection(ProjectConfigurationPlatforms) = postSolution
		{500C1F86-10F7-4DC0-B6A6-9F4EADBC9C7F}.Debug|x64.ActiveCfg = Debug|x64
		{500C1F86-10F7-4DC0-B6A6-9F4EADBC9C7F}.Debug|x64.Build.0 = Debug|x64
		{500C1F86-10F7-4DC0-B6A6-9F4EADBC9C7F}.Debug|x86.ActiveCfg = Debug|Win32
		{500C1F86-10F7-4DC0-B6A6-9F4EADBC9C7F}.Debug|x86.Build.0 = Debug|Win32
		{500C1F86-10F7-4DC0-B6A6-9F4EADBC9C7F}.Release|x64.ActiveCfg = Release|x64
		{500C1F86-10F7-4DC0-B6A6-9F4EADBC9C7F}.Release|x64.Build.0 = Release|x64
		{500C1F86-10F7-4DC0-B6A6-9F4EADBC9C7F}.Release|x86.ActiveCfg = Release|Win32
		{500C1F86-10F7-4DC0-B6A6-9F4EADBC9C7F}.Release|x86.Build.0 = Release|Win32
	EndGlobalSection
	GlobalSection(SolutionProperties) = preSolution
		HideSolutionNode = FALSE
	EndGlobalSection
	GlobalSection(ExtensibilityGlobals) = postSolution
		SolutionGuid = {DBCBB63F-D6F6-49DD-B346-5229CEF1F619}
	EndGlobalSection
EndGlobal
