
Microsoft Visual Studio Solution File, Format Version 12.00
# Visual Studio Version 17
VisualStudioVersion = 17.9.34607.119
MinimumVisualStudioVersion = 10.0.40219.1
Project("{8BC9CEB8-8B4A-11D0-8D11-00A0C91BC942}") = "Project5", "Project5\Project5.vcxproj", "{03DAE8AE-AD77-4DAB-A23C-7F5F5337B260}"
EndProject
Global
	GlobalSection(SolutionConfigurationPlatforms) = preSolution
		Debug|x64 = Debug|x64
		Debug|x86 = Debug|x86
		Release|x64 = Release|x64
		Release|x86 = Release|x86
	EndGlobalSection
	GlobalSection(ProjectConfigurationPlatforms) = postSolution
		{03DAE8AE-AD77-4DAB-A23C-7F5F5337B260}.Debug|x64.ActiveCfg = Debug|x64
		{03DAE8AE-AD77-4DAB-A23C-7F5F5337B260}.Debug|x64.Build.0 = Debug|x64
		{03DAE8AE-AD77-4DAB-A23C-7F5F5337B260}.Debug|x86.ActiveCfg = Debug|Win32
		{03DAE8AE-AD77-4DAB-A23C-7F5F5337B260}.Debug|x86.Build.0 = Debug|Win32
		{03DAE8AE-AD77-4DAB-A23C-7F5F5337B260}.Release|x64.ActiveCfg = Release|x64
		{03DAE8AE-AD77-4DAB-A23C-7F5F5337B260}.Release|x64.Build.0 = Release|x64
		{03DAE8AE-AD77-4DAB-A23C-7F5F5337B260}.Release|x86.ActiveCfg = Release|Win32
		{03DAE8AE-AD77-4DAB-A23C-7F5F5337B260}.Release|x86.Build.0 = Release|Win32
	EndGlobalSection
	GlobalSection(SolutionProperties) = preSolution
		HideSolutionNode = FALSE
	EndGlobalSection
	GlobalSection(ExtensibilityGlobals) = postSolution
		SolutionGuid = {2A6EDCF2-0DAF-405D-B126-3BC7BFDF77EF}
	EndGlobalSection
EndGlobal
