
Microsoft Visual Studio Solution File, Format Version 12.00
# Visual Studio Version 17
VisualStudioVersion = 17.8.34322.80
MinimumVisualStudioVersion = 10.0.40219.1
Project("{8BC9CEB8-8B4A-11D0-8D11-00A0C91BC942}") = "Laba7", "Laba7\Laba7.vcxproj", "{3B199568-0395-42C1-B482-ED785D8ECAD1}"
EndProject
Project("{8BC9CEB8-8B4A-11D0-8D11-00A0C91BC942}") = "lab_for_lib7", "lab_for_lib7\lab_for_lib7.vcxproj", "{D89DACAF-6D01-412E-9B16-B50802C56BED}"
EndProject
Global
	GlobalSection(SolutionConfigurationPlatforms) = preSolution
		Debug|x64 = Debug|x64
		Debug|x86 = Debug|x86
		Release|x64 = Release|x64
		Release|x86 = Release|x86
	EndGlobalSection
	GlobalSection(ProjectConfigurationPlatforms) = postSolution
		{3B199568-0395-42C1-B482-ED785D8ECAD1}.Debug|x64.ActiveCfg = Debug|x64
		{3B199568-0395-42C1-B482-ED785D8ECAD1}.Debug|x64.Build.0 = Debug|x64
		{3B199568-0395-42C1-B482-ED785D8ECAD1}.Debug|x86.ActiveCfg = Debug|Win32
		{3B199568-0395-42C1-B482-ED785D8ECAD1}.Debug|x86.Build.0 = Debug|Win32
		{3B199568-0395-42C1-B482-ED785D8ECAD1}.Release|x64.ActiveCfg = Release|x64
		{3B199568-0395-42C1-B482-ED785D8ECAD1}.Release|x64.Build.0 = Release|x64
		{3B199568-0395-42C1-B482-ED785D8ECAD1}.Release|x86.ActiveCfg = Release|Win32
		{3B199568-0395-42C1-B482-ED785D8ECAD1}.Release|x86.Build.0 = Release|Win32
		{D89DACAF-6D01-412E-9B16-B50802C56BED}.Debug|x64.ActiveCfg = Debug|x64
		{D89DACAF-6D01-412E-9B16-B50802C56BED}.Debug|x64.Build.0 = Debug|x64
		{D89DACAF-6D01-412E-9B16-B50802C56BED}.Debug|x86.ActiveCfg = Debug|Win32
		{D89DACAF-6D01-412E-9B16-B50802C56BED}.Debug|x86.Build.0 = Debug|Win32
		{D89DACAF-6D01-412E-9B16-B50802C56BED}.Release|x64.ActiveCfg = Release|x64
		{D89DACAF-6D01-412E-9B16-B50802C56BED}.Release|x64.Build.0 = Release|x64
		{D89DACAF-6D01-412E-9B16-B50802C56BED}.Release|x86.ActiveCfg = Release|Win32
		{D89DACAF-6D01-412E-9B16-B50802C56BED}.Release|x86.Build.0 = Release|Win32
	EndGlobalSection
	GlobalSection(SolutionProperties) = preSolution
		HideSolutionNode = FALSE
	EndGlobalSection
	GlobalSection(ExtensibilityGlobals) = postSolution
		SolutionGuid = {9249D427-B13A-4A4B-9AF8-E1E04EC44255}
	EndGlobalSection
EndGlobal
